
Microsoft Visual Studio Solution File, Format Version 12.00
# Visual Studio Version 16
VisualStudioVersion = 16.0.34931.43
MinimumVisualStudioVersion = 10.0.40219.1
Project("{FAE04EC0-301F-11D3-BF4B-00C04F79EFBC}") = "ConsoleApp1", "ConsoleApp1.csproj", "{2A25DD42-2825-4F6E-95E1-E16628D88D83}"
EndProject
Project("{FAE04EC0-301F-11D3-BF4B-00C04F79EFBC}") = "Task 2", "..\Task 2\Task 2.csproj", "{D5F1E1C5-071E-403D-AC1A-A6530F343605}"
EndProject
Global
	GlobalSection(SolutionConfigurationPlatforms) = preSolution
		Debug|Any CPU = Debug|Any CPU
		Release|Any CPU = Release|Any CPU
	EndGlobalSection
	GlobalSection(ProjectConfigurationPlatforms) = postSolution
		{2A25DD42-2825-4F6E-95E1-E16628D88D83}.Debug|Any CPU.ActiveCfg = Debug|Any CPU
		{2A25DD42-2825-4F6E-95E1-E16628D88D83}.Debug|Any CPU.Build.0 = Debug|Any CPU
		{2A25DD42-2825-4F6E-95E1-E16628D88D83}.Release|Any CPU.ActiveCfg = Release|Any CPU
		{2A25DD42-2825-4F6E-95E1-E16628D88D83}.Release|Any CPU.Build.0 = Release|Any CPU
		{D5F1E1C5-071E-403D-AC1A-A6530F343605}.Debug|Any CPU.ActiveCfg = Debug|Any CPU
		{D5F1E1C5-071E-403D-AC1A-A6530F343605}.Debug|Any CPU.Build.0 = Debug|Any CPU
		{D5F1E1C5-071E-403D-AC1A-A6530F343605}.Release|Any CPU.ActiveCfg = Release|Any CPU
		{D5F1E1C5-071E-403D-AC1A-A6530F343605}.Release|Any CPU.Build.0 = Release|Any CPU
	EndGlobalSection
	GlobalSection(SolutionProperties) = preSolution
		HideSolutionNode = FALSE
	EndGlobalSection
	GlobalSection(ExtensibilityGlobals) = postSolution
		SolutionGuid = {77CCB482-76A0-4347-9B92-0F6DA6F17FB4}
	EndGlobalSection
EndGlobal
